
Microsoft Visual Studio Solution File, Format Version 12.00
# Visual Studio 15
VisualStudioVersion = 15.0.28307.136
MinimumVisualStudioVersion = 10.0.40219.1
Project("{F184B08F-C81C-45F6-A57F-5ABD9991F28F}") = "HemRPG", "HemRPG\HemRPG.vbproj", "{026CB0AD-8B85-4AB7-8841-9A4F5C840F35}"
EndProject
Global
	GlobalSection(SolutionConfigurationPlatforms) = preSolution
		Debug|x86 = Debug|x86
		Release|x86 = Release|x86
	EndGlobalSection
	GlobalSection(ProjectConfigurationPlatforms) = postSolution
		{026CB0AD-8B85-4AB7-8841-9A4F5C840F35}.Debug|x86.ActiveCfg = Debug|x86
		{026CB0AD-8B85-4AB7-8841-9A4F5C840F35}.Debug|x86.Build.0 = Debug|x86
		{026CB0AD-8B85-4AB7-8841-9A4F5C840F35}.Release|x86.ActiveCfg = Release|x86
		{026CB0AD-8B85-4AB7-8841-9A4F5C840F35}.Release|x86.Build.0 = Release|x86
	EndGlobalSection
	GlobalSection(SolutionProperties) = preSolution
		HideSolutionNode = FALSE
	EndGlobalSection
	GlobalSection(ExtensibilityGlobals) = postSolution
		SolutionGuid = {0D7A7FF0-7287-49F2-A672-5C72218B1404}
	EndGlobalSection
EndGlobal
